
Microsoft Visual Studio Solution File, Format Version 11.00
# Visual Studio 2010
Project("{FAE04EC0-301F-11D3-BF4B-00C04F79EFBC}") = "Intrade", "Intrade\Intrade.csproj", "{DEC366EA-BCF7-4EC2-865D-28826D85F50C}"
EndProject
Project("{FAE04EC0-301F-11D3-BF4B-00C04F79EFBC}") = "Communication", "Communication\Communication.csproj", "{6ED56FA4-0291-40DB-9A70-1D6114B1552D}"
EndProject
Global
	GlobalSection(SolutionConfigurationPlatforms) = preSolution
		Debug|Any CPU = Debug|Any CPU
		Debug|Mixed Platforms = Debug|Mixed Platforms
		Debug|x86 = Debug|x86
		Release|Any CPU = Release|Any CPU
		Release|Mixed Platforms = Release|Mixed Platforms
		Release|x86 = Release|x86
	EndGlobalSection
	GlobalSection(ProjectConfigurationPlatforms) = postSolution
		{DEC366EA-BCF7-4EC2-865D-28826D85F50C}.Debug|Any CPU.ActiveCfg = Debug|x86
		{DEC366EA-BCF7-4EC2-865D-28826D85F50C}.Debug|Mixed Platforms.ActiveCfg = Debug|x86
		{DEC366EA-BCF7-4EC2-865D-28826D85F50C}.Debug|Mixed Platforms.Build.0 = Debug|x86
		{DEC366EA-BCF7-4EC2-865D-28826D85F50C}.Debug|x86.ActiveCfg = Debug|x86
		{DEC366EA-BCF7-4EC2-865D-28826D85F50C}.Debug|x86.Build.0 = Debug|x86
		{DEC366EA-BCF7-4EC2-865D-28826D85F50C}.Release|Any CPU.ActiveCfg = Release|x86
		{DEC366EA-BCF7-4EC2-865D-28826D85F50C}.Release|Mixed Platforms.ActiveCfg = Release|x86
		{DEC366EA-BCF7-4EC2-865D-28826D85F50C}.Release|Mixed Platforms.Build.0 = Release|x86
		{DEC366EA-BCF7-4EC2-865D-28826D85F50C}.Release|x86.ActiveCfg = Release|x86
		{DEC366EA-BCF7-4EC2-865D-28826D85F50C}.Release|x86.Build.0 = Release|x86
		{6ED56FA4-0291-40DB-9A70-1D6114B1552D}.Debug|Any CPU.ActiveCfg = Debug|Any CPU
		{6ED56FA4-0291-40DB-9A70-1D6114B1552D}.Debug|Any CPU.Build.0 = Debug|Any CPU
		{6ED56FA4-0291-40DB-9A70-1D6114B1552D}.Debug|Mixed Platforms.ActiveCfg = Debug|Any CPU
		{6ED56FA4-0291-40DB-9A70-1D6114B1552D}.Debug|Mixed Platforms.Build.0 = Debug|Any CPU
		{6ED56FA4-0291-40DB-9A70-1D6114B1552D}.Debug|x86.ActiveCfg = Debug|Any CPU
		{6ED56FA4-0291-40DB-9A70-1D6114B1552D}.Release|Any CPU.ActiveCfg = Release|Any CPU
		{6ED56FA4-0291-40DB-9A70-1D6114B1552D}.Release|Any CPU.Build.0 = Release|Any CPU
		{6ED56FA4-0291-40DB-9A70-1D6114B1552D}.Release|Mixed Platforms.ActiveCfg = Release|Any CPU
		{6ED56FA4-0291-40DB-9A70-1D6114B1552D}.Release|Mixed Platforms.Build.0 = Release|Any CPU
		{6ED56FA4-0291-40DB-9A70-1D6114B1552D}.Release|x86.ActiveCfg = Release|Any CPU
	EndGlobalSection
	GlobalSection(SolutionProperties) = preSolution
		HideSolutionNode = FALSE
	EndGlobalSection
EndGlobal
